
Microsoft Visual Studio Solution File, Format Version 12.00
# Visual Studio Version 16
VisualStudioVersion = 16.0.28407.52
MinimumVisualStudioVersion = 10.0.40219.1
Project("{9A19103F-16F7-4668-BE54-9A1E7A4F7556}") = "CodeforcesApiWrapper", "CodeforcesApiWrapper\CodeforcesApiWrapper.csproj", "{7418A9BA-C54A-47BB-B636-1F136EBB92F6}"
EndProject
Project("{9A19103F-16F7-4668-BE54-9A1E7A4F7556}") = "CodeforcesDocsParser", "CodeforcesDocsParser\CodeforcesDocsParser.csproj", "{71D43971-FA2F-414C-B405-30AEA826EE14}"
EndProject
Project("{FAE04EC0-301F-11D3-BF4B-00C04F79EFBC}") = "CodeforcesApiWrapper.Test", "CodeforcesApiWrapper.Test\CodeforcesApiWrapper.Test.csproj", "{EC1720FC-919E-4163-B360-F5F4C20A430E}"
EndProject
Global
	GlobalSection(SolutionConfigurationPlatforms) = preSolution
		Debug|Any CPU = Debug|Any CPU
		Release|Any CPU = Release|Any CPU
	EndGlobalSection
	GlobalSection(ProjectConfigurationPlatforms) = postSolution
		{7418A9BA-C54A-47BB-B636-1F136EBB92F6}.Debug|Any CPU.ActiveCfg = Debug|Any CPU
		{7418A9BA-C54A-47BB-B636-1F136EBB92F6}.Debug|Any CPU.Build.0 = Debug|Any CPU
		{7418A9BA-C54A-47BB-B636-1F136EBB92F6}.Release|Any CPU.ActiveCfg = Release|Any CPU
		{7418A9BA-C54A-47BB-B636-1F136EBB92F6}.Release|Any CPU.Build.0 = Release|Any CPU
		{71D43971-FA2F-414C-B405-30AEA826EE14}.Debug|Any CPU.ActiveCfg = Debug|Any CPU
		{71D43971-FA2F-414C-B405-30AEA826EE14}.Debug|Any CPU.Build.0 = Debug|Any CPU
		{71D43971-FA2F-414C-B405-30AEA826EE14}.Release|Any CPU.ActiveCfg = Release|Any CPU
		{71D43971-FA2F-414C-B405-30AEA826EE14}.Release|Any CPU.Build.0 = Release|Any CPU
		{EC1720FC-919E-4163-B360-F5F4C20A430E}.Debug|Any CPU.ActiveCfg = Debug|Any CPU
		{EC1720FC-919E-4163-B360-F5F4C20A430E}.Debug|Any CPU.Build.0 = Debug|Any CPU
		{EC1720FC-919E-4163-B360-F5F4C20A430E}.Release|Any CPU.ActiveCfg = Release|Any CPU
		{EC1720FC-919E-4163-B360-F5F4C20A430E}.Release|Any CPU.Build.0 = Release|Any CPU
	EndGlobalSection
	GlobalSection(SolutionProperties) = preSolution
		HideSolutionNode = FALSE
	EndGlobalSection
	GlobalSection(ExtensibilityGlobals) = postSolution
		SolutionGuid = {4CC3655A-A0D3-45B7-9A4E-54EA61B83818}
	EndGlobalSection
EndGlobal
